{
  "requires": true,
  "lockfileVersion": 1,
  "dependencies": {
    "axios": {
      "version": "0.18.0",
      "resolved": "http://registry.npm.taobao.org/axios/download/axios-0.18.0.tgz",
      "integrity": "sha1-MtU+SFHv3AoRmTts0AB4nXDAUQI=",
      "requires": {
        "follow-redirects": "^1.3.0",
        "is-buffer": "^1.1.5"
      }
    },
    "debug": {
      "version": "3.1.0",
      "resolved": "http://registry.npm.taobao.org/debug/download/debug-3.1.0.tgz",
      "integrity": "sha1-W7WgZyYotkFJVmuhaBnmFRjGcmE=",
      "requires": {
        "ms": "2.0.0"
      }
    },
    "follow-redirects": {
      "version": "1.5.10",
      "resolved": "http://registry.npm.taobao.org/follow-redirects/download/follow-redirects-1.5.10.tgz",
      "integrity": "sha1-e3qfmuov3/NnhqlP9kPtB/T/Xio=",
      "requires": {
        "debug": "=3.1.0"
      }
    },
    "is-buffer": {
      "version": "1.1.6",
      "resolved": "http://registry.npm.taobao.org/is-buffer/download/is-buffer-1.1.6.tgz",
      "integrity": "sha1-76ouqdqg16suoTqXsritUf776L4="
    },
    "ms": {
      "version": "2.0.0",
      "resolved": "http://registry.npm.taobao.org/ms/download/ms-2.0.0.tgz",
      "integrity": "sha1-VgiurfwAvmwpAd9fmGF4jeDVl8g="
    },
    "todomvc-app-css": {
      "version": "2.1.2",
      "resolved": "http://registry.npm.taobao.org/todomvc-app-css/download/todomvc-app-css-2.1.2.tgz",
      "integrity": "sha1-9kTBMIulG5g0Nkl+MPOr6WHKnGI="
    },
    "todomvc-common": {
      "version": "1.0.5",
      "resolved": "http://registry.npm.taobao.org/todomvc-common/download/todomvc-common-1.0.5.tgz",
      "integrity": "sha1-jD55msnx/BVz4MIE+YRRCCaRRzA="
    },
    "vue": {
      "version": "2.5.21",
      "resolved": "http://registry.npm.taobao.org/vue/download/vue-2.5.21.tgz",
      "integrity": "sha1-PTPc0Du4E5Es6JSoMDq1U2mcSoU="
    }
  }
}
